
Microsoft Visual Studio Solution File, Format Version 12.00
# Visual Studio Version 17
VisualStudioVersion = 17.4.33205.214
MinimumVisualStudioVersion = 10.0.40219.1
Project("{FAE04EC0-301F-11D3-BF4B-00C04F79EFBC}") = "WindowsFormsApp5", "WindowsFormsApp5.csproj", "{CF3E8D82-8A79-4662-8DE1-B0A8543EB41D}"
EndProject
Global
	GlobalSection(SolutionConfigurationPlatforms) = preSolution
		Debug|Any CPU = Debug|Any CPU
		Release|Any CPU = Release|Any CPU
	EndGlobalSection
	GlobalSection(ProjectConfigurationPlatforms) = postSolution
		{CF3E8D82-8A79-4662-8DE1-B0A8543EB41D}.Debug|Any CPU.ActiveCfg = Debug|Any CPU
		{CF3E8D82-8A79-4662-8DE1-B0A8543EB41D}.Debug|Any CPU.Build.0 = Debug|Any CPU
		{CF3E8D82-8A79-4662-8DE1-B0A8543EB41D}.Release|Any CPU.ActiveCfg = Release|Any CPU
		{CF3E8D82-8A79-4662-8DE1-B0A8543EB41D}.Release|Any CPU.Build.0 = Release|Any CPU
	EndGlobalSection
	GlobalSection(SolutionProperties) = preSolution
		HideSolutionNode = FALSE
	EndGlobalSection
	GlobalSection(ExtensibilityGlobals) = postSolution
		SolutionGuid = {F5642DDF-67D9-43DA-8C84-F5E7AE4C2857}
	EndGlobalSection
EndGlobal
