
Microsoft Visual Studio Solution File, Format Version 12.00
# Visual Studio Version 17
VisualStudioVersion = 17.4.33205.214
MinimumVisualStudioVersion = 10.0.40219.1
Project("{888888A0-9F3D-457C-B088-3A5042F75D52}") = "Tarpv23_Sofia-Mukhina", "Tarpv23_Sofia-Mukhina.pyproj", "{89387877-8E42-42BC-B31B-197DB09CBF61}"
EndProject
Global
	GlobalSection(SolutionConfigurationPlatforms) = preSolution
		Debug|Any CPU = Debug|Any CPU
		Release|Any CPU = Release|Any CPU
	EndGlobalSection
	GlobalSection(ProjectConfigurationPlatforms) = postSolution
		{89387877-8E42-42BC-B31B-197DB09CBF61}.Debug|Any CPU.ActiveCfg = Debug|Any CPU
		{89387877-8E42-42BC-B31B-197DB09CBF61}.Release|Any CPU.ActiveCfg = Release|Any CPU
	EndGlobalSection
	GlobalSection(SolutionProperties) = preSolution
		HideSolutionNode = FALSE
	EndGlobalSection
	GlobalSection(ExtensibilityGlobals) = postSolution
		SolutionGuid = {FC58D5E9-33DD-41D2-B871-E563F1A7EABD}
	EndGlobalSection
EndGlobal
