
Microsoft Visual Studio Solution File, Format Version 12.00
# Visual Studio Version 17
VisualStudioVersion = 17.4.33205.214
MinimumVisualStudioVersion = 10.0.40219.1
Project("{888888A0-9F3D-457C-B088-3A5042F75D52}") = "Now", "Now.pyproj", "{D2531648-D0C0-4F0C-801C-8AAABABF5D19}"
EndProject
Global
	GlobalSection(SolutionConfigurationPlatforms) = preSolution
		Debug|Any CPU = Debug|Any CPU
		Release|Any CPU = Release|Any CPU
	EndGlobalSection
	GlobalSection(ProjectConfigurationPlatforms) = postSolution
		{D2531648-D0C0-4F0C-801C-8AAABABF5D19}.Debug|Any CPU.ActiveCfg = Debug|Any CPU
		{D2531648-D0C0-4F0C-801C-8AAABABF5D19}.Release|Any CPU.ActiveCfg = Release|Any CPU
	EndGlobalSection
	GlobalSection(SolutionProperties) = preSolution
		HideSolutionNode = FALSE
	EndGlobalSection
	GlobalSection(ExtensibilityGlobals) = postSolution
		SolutionGuid = {964F074E-05DE-404D-8065-6CDE8820438B}
	EndGlobalSection
EndGlobal
