
Microsoft Visual Studio Solution File, Format Version 12.00
# Visual Studio Version 17
VisualStudioVersion = 17.4.33205.214
MinimumVisualStudioVersion = 10.0.40219.1
Project("{FAE04EC0-301F-11D3-BF4B-00C04F79EFBC}") = "WindowsFormsApp2", "WindowsFormsApp2.csproj", "{62034EB6-2EDC-40AB-815B-5EA366D6249D}"
EndProject
Global
	GlobalSection(SolutionConfigurationPlatforms) = preSolution
		Debug|Any CPU = Debug|Any CPU
		Release|Any CPU = Release|Any CPU
	EndGlobalSection
	GlobalSection(ProjectConfigurationPlatforms) = postSolution
		{62034EB6-2EDC-40AB-815B-5EA366D6249D}.Debug|Any CPU.ActiveCfg = Debug|Any CPU
		{62034EB6-2EDC-40AB-815B-5EA366D6249D}.Debug|Any CPU.Build.0 = Debug|Any CPU
		{62034EB6-2EDC-40AB-815B-5EA366D6249D}.Release|Any CPU.ActiveCfg = Release|Any CPU
		{62034EB6-2EDC-40AB-815B-5EA366D6249D}.Release|Any CPU.Build.0 = Release|Any CPU
	EndGlobalSection
	GlobalSection(SolutionProperties) = preSolution
		HideSolutionNode = FALSE
	EndGlobalSection
	GlobalSection(ExtensibilityGlobals) = postSolution
		SolutionGuid = {5521C1EB-C58F-4EE5-BD6C-3096B3027912}
	EndGlobalSection
EndGlobal
